
Microsoft Visual Studio Solution File, Format Version 12.00
# Visual Studio Version 17
VisualStudioVersion = 17.9.34616.47
MinimumVisualStudioVersion = 10.0.40219.1
Project("{8BC9CEB8-8B4A-11D0-8D11-00A0C91BC942}") = "first program", "first program\first program.vcxproj", "{AF7C6087-8137-4128-AE62-E1FC95167FBC}"
EndProject
Project("{8BC9CEB8-8B4A-11D0-8D11-00A0C91BC942}") = "Car Abstraction", "Car Abstraction\Car Abstraction.vcxproj", "{FE7F8712-9760-489A-9BF1-7DFA60157131}"
EndProject
Project("{8BC9CEB8-8B4A-11D0-8D11-00A0C91BC942}") = "Drawline", "Drawline\Drawline.vcxproj", "{A32F9AC8-6FEE-4BC4-A3AA-4811514D7087}"
EndProject
Project("{8BC9CEB8-8B4A-11D0-8D11-00A0C91BC942}") = "Integer", "Integer\Integer.vcxproj", "{4F9C4EBF-150E-4338-8D8B-F4FAE0C50DA7}"
EndProject
Project("{8BC9CEB8-8B4A-11D0-8D11-00A0C91BC942}") = "IngegerNew", "IngegerNew\IngegerNew.vcxproj", "{69CC67CA-1979-4D02-86B8-9147A2E6528E}"
EndProject
Project("{8BC9CEB8-8B4A-11D0-8D11-00A0C91BC942}") = "RValue", "RValue\RValue.vcxproj", "{20070286-625B-4915-8354-63D89B669D2F}"
EndProject
Project("{8BC9CEB8-8B4A-11D0-8D11-00A0C91BC942}") = "Quiz5", "Quiz5\Quiz5.vcxproj", "{90838AC5-76BD-459B-961C-3F042F441C8D}"
EndProject
Project("{8BC9CEB8-8B4A-11D0-8D11-00A0C91BC942}") = "TypeConversion", "TypeConversion\TypeConversion.vcxproj", "{2A708F02-D2F0-416F-A56B-C29B6FDB1E04}"
EndProject
Project("{8BC9CEB8-8B4A-11D0-8D11-00A0C91BC942}") = "uniqueptr", "uniqueptr\uniqueptr.vcxproj", "{AE1846AA-E4C1-499C-976D-CB2F2B4B5EA6}"
EndProject
Project("{8BC9CEB8-8B4A-11D0-8D11-00A0C91BC942}") = "SharePtr", "SharePtr\SharePtr.vcxproj", "{8BBA09E6-6414-48BD-8D27-1BC7717E5C16}"
EndProject
Project("{8BC9CEB8-8B4A-11D0-8D11-00A0C91BC942}") = "WeakPtr", "WeakPtr\WeakPtr.vcxproj", "{5943684A-F79D-48FE-A22B-893CEBF854C5}"
EndProject
Project("{8BC9CEB8-8B4A-11D0-8D11-00A0C91BC942}") = "CircuRef", "CircuRef\CircuRef.vcxproj", "{8E430BA9-11DB-489E-AAC2-F32227AEA2A5}"
EndProject
Project("{8BC9CEB8-8B4A-11D0-8D11-00A0C91BC942}") = "MoreFeature", "MoreFeature\MoreFeature.vcxproj", "{56D94198-5D95-465D-A3C1-249605C19CE7}"
EndProject
Project("{8BC9CEB8-8B4A-11D0-8D11-00A0C91BC942}") = "Strings", "Strings\Strings.vcxproj", "{AD834809-66E1-4A50-BAE3-22467BC832A7}"
EndProject
Project("{8BC9CEB8-8B4A-11D0-8D11-00A0C91BC942}") = "StringPos", "StringPos\StringPos.vcxproj", "{F4629B81-12B3-4479-8B83-3889012C00D2}"
EndProject
Project("{8BC9CEB8-8B4A-11D0-8D11-00A0C91BC942}") = "initialize_list", "initialize_list\initialize_list.vcxproj", "{5F00C985-2E08-4E82-9DE2-6F25EA40E669}"
EndProject
Project("{8BC9CEB8-8B4A-11D0-8D11-00A0C91BC942}") = "Assign3", "Assign3\Assign3.vcxproj", "{7C71EEF1-FE4C-40CC-A27E-5D06C1A273B9}"
EndProject
Global
	GlobalSection(SolutionConfigurationPlatforms) = preSolution
		Debug|x64 = Debug|x64
		Debug|x86 = Debug|x86
		Release|x64 = Release|x64
		Release|x86 = Release|x86
	EndGlobalSection
	GlobalSection(ProjectConfigurationPlatforms) = postSolution
		{AF7C6087-8137-4128-AE62-E1FC95167FBC}.Debug|x64.ActiveCfg = Debug|x64
		{AF7C6087-8137-4128-AE62-E1FC95167FBC}.Debug|x64.Build.0 = Debug|x64
		{AF7C6087-8137-4128-AE62-E1FC95167FBC}.Debug|x86.ActiveCfg = Debug|Win32
		{AF7C6087-8137-4128-AE62-E1FC95167FBC}.Debug|x86.Build.0 = Debug|Win32
		{AF7C6087-8137-4128-AE62-E1FC95167FBC}.Release|x64.ActiveCfg = Release|x64
		{AF7C6087-8137-4128-AE62-E1FC95167FBC}.Release|x64.Build.0 = Release|x64
		{AF7C6087-8137-4128-AE62-E1FC95167FBC}.Release|x86.ActiveCfg = Release|Win32
		{AF7C6087-8137-4128-AE62-E1FC95167FBC}.Release|x86.Build.0 = Release|Win32
		{FE7F8712-9760-489A-9BF1-7DFA60157131}.Debug|x64.ActiveCfg = Debug|x64
		{FE7F8712-9760-489A-9BF1-7DFA60157131}.Debug|x64.Build.0 = Debug|x64
		{FE7F8712-9760-489A-9BF1-7DFA60157131}.Debug|x86.ActiveCfg = Debug|Win32
		{FE7F8712-9760-489A-9BF1-7DFA60157131}.Debug|x86.Build.0 = Debug|Win32
		{FE7F8712-9760-489A-9BF1-7DFA60157131}.Release|x64.ActiveCfg = Release|x64
		{FE7F8712-9760-489A-9BF1-7DFA60157131}.Release|x64.Build.0 = Release|x64
		{FE7F8712-9760-489A-9BF1-7DFA60157131}.Release|x86.ActiveCfg = Release|Win32
		{FE7F8712-9760-489A-9BF1-7DFA60157131}.Release|x86.Build.0 = Release|Win32
		{A32F9AC8-6FEE-4BC4-A3AA-4811514D7087}.Debug|x64.ActiveCfg = Debug|x64
		{A32F9AC8-6FEE-4BC4-A3AA-4811514D7087}.Debug|x64.Build.0 = Debug|x64
		{A32F9AC8-6FEE-4BC4-A3AA-4811514D7087}.Debug|x86.ActiveCfg = Debug|Win32
		{A32F9AC8-6FEE-4BC4-A3AA-4811514D7087}.Debug|x86.Build.0 = Debug|Win32
		{A32F9AC8-6FEE-4BC4-A3AA-4811514D7087}.Release|x64.ActiveCfg = Release|x64
		{A32F9AC8-6FEE-4BC4-A3AA-4811514D7087}.Release|x64.Build.0 = Release|x64
		{A32F9AC8-6FEE-4BC4-A3AA-4811514D7087}.Release|x86.ActiveCfg = Release|Win32
		{A32F9AC8-6FEE-4BC4-A3AA-4811514D7087}.Release|x86.Build.0 = Release|Win32
		{4F9C4EBF-150E-4338-8D8B-F4FAE0C50DA7}.Debug|x64.ActiveCfg = Debug|x64
		{4F9C4EBF-150E-4338-8D8B-F4FAE0C50DA7}.Debug|x64.Build.0 = Debug|x64
		{4F9C4EBF-150E-4338-8D8B-F4FAE0C50DA7}.Debug|x86.ActiveCfg = Debug|Win32
		{4F9C4EBF-150E-4338-8D8B-F4FAE0C50DA7}.Debug|x86.Build.0 = Debug|Win32
		{4F9C4EBF-150E-4338-8D8B-F4FAE0C50DA7}.Release|x64.ActiveCfg = Release|x64
		{4F9C4EBF-150E-4338-8D8B-F4FAE0C50DA7}.Release|x64.Build.0 = Release|x64
		{4F9C4EBF-150E-4338-8D8B-F4FAE0C50DA7}.Release|x86.ActiveCfg = Release|Win32
		{4F9C4EBF-150E-4338-8D8B-F4FAE0C50DA7}.Release|x86.Build.0 = Release|Win32
		{69CC67CA-1979-4D02-86B8-9147A2E6528E}.Debug|x64.ActiveCfg = Debug|x64
		{69CC67CA-1979-4D02-86B8-9147A2E6528E}.Debug|x64.Build.0 = Debug|x64
		{69CC67CA-1979-4D02-86B8-9147A2E6528E}.Debug|x86.ActiveCfg = Debug|Win32
		{69CC67CA-1979-4D02-86B8-9147A2E6528E}.Debug|x86.Build.0 = Debug|Win32
		{69CC67CA-1979-4D02-86B8-9147A2E6528E}.Release|x64.ActiveCfg = Release|x64
		{69CC67CA-1979-4D02-86B8-9147A2E6528E}.Release|x64.Build.0 = Release|x64
		{69CC67CA-1979-4D02-86B8-9147A2E6528E}.Release|x86.ActiveCfg = Release|Win32
		{69CC67CA-1979-4D02-86B8-9147A2E6528E}.Release|x86.Build.0 = Release|Win32
		{20070286-625B-4915-8354-63D89B669D2F}.Debug|x64.ActiveCfg = Debug|x64
		{20070286-625B-4915-8354-63D89B669D2F}.Debug|x64.Build.0 = Debug|x64
		{20070286-625B-4915-8354-63D89B669D2F}.Debug|x86.ActiveCfg = Debug|Win32
		{20070286-625B-4915-8354-63D89B669D2F}.Debug|x86.Build.0 = Debug|Win32
		{20070286-625B-4915-8354-63D89B669D2F}.Release|x64.ActiveCfg = Release|x64
		{20070286-625B-4915-8354-63D89B669D2F}.Release|x64.Build.0 = Release|x64
		{20070286-625B-4915-8354-63D89B669D2F}.Release|x86.ActiveCfg = Release|Win32
		{20070286-625B-4915-8354-63D89B669D2F}.Release|x86.Build.0 = Release|Win32
		{90838AC5-76BD-459B-961C-3F042F441C8D}.Debug|x64.ActiveCfg = Debug|x64
		{90838AC5-76BD-459B-961C-3F042F441C8D}.Debug|x64.Build.0 = Debug|x64
		{90838AC5-76BD-459B-961C-3F042F441C8D}.Debug|x86.ActiveCfg = Debug|Win32
		{90838AC5-76BD-459B-961C-3F042F441C8D}.Debug|x86.Build.0 = Debug|Win32
		{90838AC5-76BD-459B-961C-3F042F441C8D}.Release|x64.ActiveCfg = Release|x64
		{90838AC5-76BD-459B-961C-3F042F441C8D}.Release|x64.Build.0 = Release|x64
		{90838AC5-76BD-459B-961C-3F042F441C8D}.Release|x86.ActiveCfg = Release|Win32
		{90838AC5-76BD-459B-961C-3F042F441C8D}.Release|x86.Build.0 = Release|Win32
		{2A708F02-D2F0-416F-A56B-C29B6FDB1E04}.Debug|x64.ActiveCfg = Debug|x64
		{2A708F02-D2F0-416F-A56B-C29B6FDB1E04}.Debug|x64.Build.0 = Debug|x64
		{2A708F02-D2F0-416F-A56B-C29B6FDB1E04}.Debug|x86.ActiveCfg = Debug|Win32
		{2A708F02-D2F0-416F-A56B-C29B6FDB1E04}.Debug|x86.Build.0 = Debug|Win32
		{2A708F02-D2F0-416F-A56B-C29B6FDB1E04}.Release|x64.ActiveCfg = Release|x64
		{2A708F02-D2F0-416F-A56B-C29B6FDB1E04}.Release|x64.Build.0 = Release|x64
		{2A708F02-D2F0-416F-A56B-C29B6FDB1E04}.Release|x86.ActiveCfg = Release|Win32
		{2A708F02-D2F0-416F-A56B-C29B6FDB1E04}.Release|x86.Build.0 = Release|Win32
		{AE1846AA-E4C1-499C-976D-CB2F2B4B5EA6}.Debug|x64.ActiveCfg = Debug|x64
		{AE1846AA-E4C1-499C-976D-CB2F2B4B5EA6}.Debug|x64.Build.0 = Debug|x64
		{AE1846AA-E4C1-499C-976D-CB2F2B4B5EA6}.Debug|x86.ActiveCfg = Debug|Win32
		{AE1846AA-E4C1-499C-976D-CB2F2B4B5EA6}.Debug|x86.Build.0 = Debug|Win32
		{AE1846AA-E4C1-499C-976D-CB2F2B4B5EA6}.Release|x64.ActiveCfg = Release|x64
		{AE1846AA-E4C1-499C-976D-CB2F2B4B5EA6}.Release|x64.Build.0 = Release|x64
		{AE1846AA-E4C1-499C-976D-CB2F2B4B5EA6}.Release|x86.ActiveCfg = Release|Win32
		{AE1846AA-E4C1-499C-976D-CB2F2B4B5EA6}.Release|x86.Build.0 = Release|Win32
		{8BBA09E6-6414-48BD-8D27-1BC7717E5C16}.Debug|x64.ActiveCfg = Debug|x64
		{8BBA09E6-6414-48BD-8D27-1BC7717E5C16}.Debug|x64.Build.0 = Debug|x64
		{8BBA09E6-6414-48BD-8D27-1BC7717E5C16}.Debug|x86.ActiveCfg = Debug|Win32
		{8BBA09E6-6414-48BD-8D27-1BC7717E5C16}.Debug|x86.Build.0 = Debug|Win32
		{8BBA09E6-6414-48BD-8D27-1BC7717E5C16}.Release|x64.ActiveCfg = Release|x64
		{8BBA09E6-6414-48BD-8D27-1BC7717E5C16}.Release|x64.Build.0 = Release|x64
		{8BBA09E6-6414-48BD-8D27-1BC7717E5C16}.Release|x86.ActiveCfg = Release|Win32
		{8BBA09E6-6414-48BD-8D27-1BC7717E5C16}.Release|x86.Build.0 = Release|Win32
		{5943684A-F79D-48FE-A22B-893CEBF854C5}.Debug|x64.ActiveCfg = Debug|x64
		{5943684A-F79D-48FE-A22B-893CEBF854C5}.Debug|x64.Build.0 = Debug|x64
		{5943684A-F79D-48FE-A22B-893CEBF854C5}.Debug|x86.ActiveCfg = Debug|Win32
		{5943684A-F79D-48FE-A22B-893CEBF854C5}.Debug|x86.Build.0 = Debug|Win32
		{5943684A-F79D-48FE-A22B-893CEBF854C5}.Release|x64.ActiveCfg = Release|x64
		{5943684A-F79D-48FE-A22B-893CEBF854C5}.Release|x64.Build.0 = Release|x64
		{5943684A-F79D-48FE-A22B-893CEBF854C5}.Release|x86.ActiveCfg = Release|Win32
		{5943684A-F79D-48FE-A22B-893CEBF854C5}.Release|x86.Build.0 = Release|Win32
		{8E430BA9-11DB-489E-AAC2-F32227AEA2A5}.Debug|x64.ActiveCfg = Debug|x64
		{8E430BA9-11DB-489E-AAC2-F32227AEA2A5}.Debug|x64.Build.0 = Debug|x64
		{8E430BA9-11DB-489E-AAC2-F32227AEA2A5}.Debug|x86.ActiveCfg = Debug|Win32
		{8E430BA9-11DB-489E-AAC2-F32227AEA2A5}.Debug|x86.Build.0 = Debug|Win32
		{8E430BA9-11DB-489E-AAC2-F32227AEA2A5}.Release|x64.ActiveCfg = Release|x64
		{8E430BA9-11DB-489E-AAC2-F32227AEA2A5}.Release|x64.Build.0 = Release|x64
		{8E430BA9-11DB-489E-AAC2-F32227AEA2A5}.Release|x86.ActiveCfg = Release|Win32
		{8E430BA9-11DB-489E-AAC2-F32227AEA2A5}.Release|x86.Build.0 = Release|Win32
		{56D94198-5D95-465D-A3C1-249605C19CE7}.Debug|x64.ActiveCfg = Debug|x64
		{56D94198-5D95-465D-A3C1-249605C19CE7}.Debug|x64.Build.0 = Debug|x64
		{56D94198-5D95-465D-A3C1-249605C19CE7}.Debug|x86.ActiveCfg = Debug|Win32
		{56D94198-5D95-465D-A3C1-249605C19CE7}.Debug|x86.Build.0 = Debug|Win32
		{56D94198-5D95-465D-A3C1-249605C19CE7}.Release|x64.ActiveCfg = Release|x64
		{56D94198-5D95-465D-A3C1-249605C19CE7}.Release|x64.Build.0 = Release|x64
		{56D94198-5D95-465D-A3C1-249605C19CE7}.Release|x86.ActiveCfg = Release|Win32
		{56D94198-5D95-465D-A3C1-249605C19CE7}.Release|x86.Build.0 = Release|Win32
		{AD834809-66E1-4A50-BAE3-22467BC832A7}.Debug|x64.ActiveCfg = Debug|x64
		{AD834809-66E1-4A50-BAE3-22467BC832A7}.Debug|x64.Build.0 = Debug|x64
		{AD834809-66E1-4A50-BAE3-22467BC832A7}.Debug|x86.ActiveCfg = Debug|Win32
		{AD834809-66E1-4A50-BAE3-22467BC832A7}.Debug|x86.Build.0 = Debug|Win32
		{AD834809-66E1-4A50-BAE3-22467BC832A7}.Release|x64.ActiveCfg = Release|x64
		{AD834809-66E1-4A50-BAE3-22467BC832A7}.Release|x64.Build.0 = Release|x64
		{AD834809-66E1-4A50-BAE3-22467BC832A7}.Release|x86.ActiveCfg = Release|Win32
		{AD834809-66E1-4A50-BAE3-22467BC832A7}.Release|x86.Build.0 = Release|Win32
		{F4629B81-12B3-4479-8B83-3889012C00D2}.Debug|x64.ActiveCfg = Debug|x64
		{F4629B81-12B3-4479-8B83-3889012C00D2}.Debug|x64.Build.0 = Debug|x64
		{F4629B81-12B3-4479-8B83-3889012C00D2}.Debug|x86.ActiveCfg = Debug|Win32
		{F4629B81-12B3-4479-8B83-3889012C00D2}.Debug|x86.Build.0 = Debug|Win32
		{F4629B81-12B3-4479-8B83-3889012C00D2}.Release|x64.ActiveCfg = Release|x64
		{F4629B81-12B3-4479-8B83-3889012C00D2}.Release|x64.Build.0 = Release|x64
		{F4629B81-12B3-4479-8B83-3889012C00D2}.Release|x86.ActiveCfg = Release|Win32
		{F4629B81-12B3-4479-8B83-3889012C00D2}.Release|x86.Build.0 = Release|Win32
		{5F00C985-2E08-4E82-9DE2-6F25EA40E669}.Debug|x64.ActiveCfg = Debug|x64
		{5F00C985-2E08-4E82-9DE2-6F25EA40E669}.Debug|x64.Build.0 = Debug|x64
		{5F00C985-2E08-4E82-9DE2-6F25EA40E669}.Debug|x86.ActiveCfg = Debug|Win32
		{5F00C985-2E08-4E82-9DE2-6F25EA40E669}.Debug|x86.Build.0 = Debug|Win32
		{5F00C985-2E08-4E82-9DE2-6F25EA40E669}.Release|x64.ActiveCfg = Release|x64
		{5F00C985-2E08-4E82-9DE2-6F25EA40E669}.Release|x64.Build.0 = Release|x64
		{5F00C985-2E08-4E82-9DE2-6F25EA40E669}.Release|x86.ActiveCfg = Release|Win32
		{5F00C985-2E08-4E82-9DE2-6F25EA40E669}.Release|x86.Build.0 = Release|Win32
		{7C71EEF1-FE4C-40CC-A27E-5D06C1A273B9}.Debug|x64.ActiveCfg = Debug|x64
		{7C71EEF1-FE4C-40CC-A27E-5D06C1A273B9}.Debug|x64.Build.0 = Debug|x64
		{7C71EEF1-FE4C-40CC-A27E-5D06C1A273B9}.Debug|x86.ActiveCfg = Debug|Win32
		{7C71EEF1-FE4C-40CC-A27E-5D06C1A273B9}.Debug|x86.Build.0 = Debug|Win32
		{7C71EEF1-FE4C-40CC-A27E-5D06C1A273B9}.Release|x64.ActiveCfg = Release|x64
		{7C71EEF1-FE4C-40CC-A27E-5D06C1A273B9}.Release|x64.Build.0 = Release|x64
		{7C71EEF1-FE4C-40CC-A27E-5D06C1A273B9}.Release|x86.ActiveCfg = Release|Win32
		{7C71EEF1-FE4C-40CC-A27E-5D06C1A273B9}.Release|x86.Build.0 = Release|Win32
	EndGlobalSection
	GlobalSection(SolutionProperties) = preSolution
		HideSolutionNode = FALSE
	EndGlobalSection
	GlobalSection(ExtensibilityGlobals) = postSolution
		SolutionGuid = {0985A36D-E9A6-4992-AF2B-81A04A8B1278}
	EndGlobalSection
EndGlobal
